
Microsoft Visual Studio Solution File, Format Version 12.00
# Visual Studio Version 16
VisualStudioVersion = 16.0.30621.155
MinimumVisualStudioVersion = 10.0.40219.1
Project("{2150E333-8FDC-42A3-9474-1A3956D46DE8}") = "src", "src", "{E754EBFF-C94E-4573-917E-C0E91EDDB3E7}"
EndProject
Project("{9A19103F-16F7-4668-BE54-9A1E7A4F7556}") = "Confluent.Kafka.FactoryExtension", "src\Confluent.Kafka.FactoryExtension\Confluent.Kafka.FactoryExtension.csproj", "{AA492B83-0735-43EB-A81F-C9005165CB4C}"
EndProject
Project("{2150E333-8FDC-42A3-9474-1A3956D46DE8}") = "tests", "tests", "{E3F12335-8C3C-4284-AC33-0BC6893F8F45}"
EndProject
Project("{9A19103F-16F7-4668-BE54-9A1E7A4F7556}") = "Confluent.Kafka.FactoryExtension.Tests", "tests\Confluent.Kafka.FactoryExtension.Tests\Confluent.Kafka.FactoryExtension.Tests.csproj", "{8F1AFF62-1F79-45F5-ACCA-41FEA4C7FDAB}"
EndProject
Project("{2150E333-8FDC-42A3-9474-1A3956D46DE8}") = "examples", "examples", "{F9691896-F4F8-45FB-8F7A-A8199E782D93}"
EndProject
Project("{9A19103F-16F7-4668-BE54-9A1E7A4F7556}") = "ConsumerService.Example", "examples\ConsumerService.Example\ConsumerService.Example.csproj", "{254AB818-340B-4D08-809A-D0D186EDA21A}"
EndProject
Project("{FAE04EC0-301F-11D3-BF4B-00C04F79EFBC}") = "ProducerApi.Example", "examples\ProducerApi.Example\ProducerApi.Example.csproj", "{FA60FEBD-112B-4149-B3D3-56AC3EE2FA88}"
EndProject
Project("{2150E333-8FDC-42A3-9474-1A3956D46DE8}") = "lib", "lib", "{10D2F5F8-BCC0-4479-9F1E-3AB7BBF37594}"
EndProject
Project("{FAE04EC0-301F-11D3-BF4B-00C04F79EFBC}") = "FactoryExtension.Services.Example", "examples\lib\FactoryExtension.Services.Example\FactoryExtension.Services.Example.csproj", "{4B051D4F-2077-41E5-BCAA-8EF83D4B26F2}"
EndProject
Project("{FAE04EC0-301F-11D3-BF4B-00C04F79EFBC}") = "FactoryExtension.Example.Abstractions", "examples\lib\FactoryExtension.Example.Abstractions\FactoryExtension.Example.Abstractions.csproj", "{8BCE8AC7-9081-4AEE-8D62-30094DB524E3}"
EndProject
Global
	GlobalSection(SolutionConfigurationPlatforms) = preSolution
		Debug|Any CPU = Debug|Any CPU
		Release|Any CPU = Release|Any CPU
	EndGlobalSection
	GlobalSection(ProjectConfigurationPlatforms) = postSolution
		{AA492B83-0735-43EB-A81F-C9005165CB4C}.Debug|Any CPU.ActiveCfg = Debug|Any CPU
		{AA492B83-0735-43EB-A81F-C9005165CB4C}.Debug|Any CPU.Build.0 = Debug|Any CPU
		{AA492B83-0735-43EB-A81F-C9005165CB4C}.Release|Any CPU.ActiveCfg = Release|Any CPU
		{AA492B83-0735-43EB-A81F-C9005165CB4C}.Release|Any CPU.Build.0 = Release|Any CPU
		{8F1AFF62-1F79-45F5-ACCA-41FEA4C7FDAB}.Debug|Any CPU.ActiveCfg = Debug|Any CPU
		{8F1AFF62-1F79-45F5-ACCA-41FEA4C7FDAB}.Debug|Any CPU.Build.0 = Debug|Any CPU
		{8F1AFF62-1F79-45F5-ACCA-41FEA4C7FDAB}.Release|Any CPU.ActiveCfg = Release|Any CPU
		{8F1AFF62-1F79-45F5-ACCA-41FEA4C7FDAB}.Release|Any CPU.Build.0 = Release|Any CPU
		{254AB818-340B-4D08-809A-D0D186EDA21A}.Debug|Any CPU.ActiveCfg = Debug|Any CPU
		{254AB818-340B-4D08-809A-D0D186EDA21A}.Debug|Any CPU.Build.0 = Debug|Any CPU
		{254AB818-340B-4D08-809A-D0D186EDA21A}.Release|Any CPU.ActiveCfg = Release|Any CPU
		{254AB818-340B-4D08-809A-D0D186EDA21A}.Release|Any CPU.Build.0 = Release|Any CPU
		{FA60FEBD-112B-4149-B3D3-56AC3EE2FA88}.Debug|Any CPU.ActiveCfg = Debug|Any CPU
		{FA60FEBD-112B-4149-B3D3-56AC3EE2FA88}.Debug|Any CPU.Build.0 = Debug|Any CPU
		{FA60FEBD-112B-4149-B3D3-56AC3EE2FA88}.Release|Any CPU.ActiveCfg = Release|Any CPU
		{FA60FEBD-112B-4149-B3D3-56AC3EE2FA88}.Release|Any CPU.Build.0 = Release|Any CPU
		{4B051D4F-2077-41E5-BCAA-8EF83D4B26F2}.Debug|Any CPU.ActiveCfg = Debug|Any CPU
		{4B051D4F-2077-41E5-BCAA-8EF83D4B26F2}.Debug|Any CPU.Build.0 = Debug|Any CPU
		{4B051D4F-2077-41E5-BCAA-8EF83D4B26F2}.Release|Any CPU.ActiveCfg = Release|Any CPU
		{4B051D4F-2077-41E5-BCAA-8EF83D4B26F2}.Release|Any CPU.Build.0 = Release|Any CPU
		{8BCE8AC7-9081-4AEE-8D62-30094DB524E3}.Debug|Any CPU.ActiveCfg = Debug|Any CPU
		{8BCE8AC7-9081-4AEE-8D62-30094DB524E3}.Debug|Any CPU.Build.0 = Debug|Any CPU
		{8BCE8AC7-9081-4AEE-8D62-30094DB524E3}.Release|Any CPU.ActiveCfg = Release|Any CPU
		{8BCE8AC7-9081-4AEE-8D62-30094DB524E3}.Release|Any CPU.Build.0 = Release|Any CPU
	EndGlobalSection
	GlobalSection(SolutionProperties) = preSolution
		HideSolutionNode = FALSE
	EndGlobalSection
	GlobalSection(NestedProjects) = preSolution
		{AA492B83-0735-43EB-A81F-C9005165CB4C} = {E754EBFF-C94E-4573-917E-C0E91EDDB3E7}
		{8F1AFF62-1F79-45F5-ACCA-41FEA4C7FDAB} = {E3F12335-8C3C-4284-AC33-0BC6893F8F45}
		{254AB818-340B-4D08-809A-D0D186EDA21A} = {F9691896-F4F8-45FB-8F7A-A8199E782D93}
		{FA60FEBD-112B-4149-B3D3-56AC3EE2FA88} = {F9691896-F4F8-45FB-8F7A-A8199E782D93}
		{10D2F5F8-BCC0-4479-9F1E-3AB7BBF37594} = {F9691896-F4F8-45FB-8F7A-A8199E782D93}
		{4B051D4F-2077-41E5-BCAA-8EF83D4B26F2} = {10D2F5F8-BCC0-4479-9F1E-3AB7BBF37594}
		{8BCE8AC7-9081-4AEE-8D62-30094DB524E3} = {10D2F5F8-BCC0-4479-9F1E-3AB7BBF37594}
	EndGlobalSection
	GlobalSection(ExtensibilityGlobals) = postSolution
		SolutionGuid = {BF6EEC15-1AA3-4741-BD5C-1D651A23AAF4}
	EndGlobalSection
EndGlobal
